
Microsoft Visual Studio Solution File, Format Version 12.00
# Visual Studio Version 17
VisualStudioVersion = 17.0.32014.148
MinimumVisualStudioVersion = 10.0.40219.1
Project("{FAE04EC0-301F-11D3-BF4B-00C04F79EFBC}") = "BattleShip", "BattleShip\BattleShip.csproj", "{06D7D0A9-B4B5-49D7-B8DD-59D08E2ED07A}"
EndProject
Project("{FAE04EC0-301F-11D3-BF4B-00C04F79EFBC}") = "BattleShipClasses", "BattleShipClasses\BattleShipClasses.csproj", "{D114F631-F03B-4120-A9E8-CEE6736DA3B4}"
EndProject
Project("{54A90642-561A-4BB1-A94E-469ADEE60C69}") = "webfrontend", "webfrontend\webfrontend.esproj", "{FA043947-7190-45CC-B280-B7E82A24ED6C}"
EndProject
Project("{FAE04EC0-301F-11D3-BF4B-00C04F79EFBC}") = "webbackend", "webbackend\webbackend.csproj", "{D684BADA-3EC6-4AB1-87F1-60A7BA3AB968}"
EndProject
Global
	GlobalSection(SolutionConfigurationPlatforms) = preSolution
		Debug|Any CPU = Debug|Any CPU
		Release|Any CPU = Release|Any CPU
	EndGlobalSection
	GlobalSection(ProjectConfigurationPlatforms) = postSolution
		{06D7D0A9-B4B5-49D7-B8DD-59D08E2ED07A}.Debug|Any CPU.ActiveCfg = Debug|Any CPU
		{06D7D0A9-B4B5-49D7-B8DD-59D08E2ED07A}.Debug|Any CPU.Build.0 = Debug|Any CPU
		{06D7D0A9-B4B5-49D7-B8DD-59D08E2ED07A}.Release|Any CPU.ActiveCfg = Release|Any CPU
		{06D7D0A9-B4B5-49D7-B8DD-59D08E2ED07A}.Release|Any CPU.Build.0 = Release|Any CPU
		{D114F631-F03B-4120-A9E8-CEE6736DA3B4}.Debug|Any CPU.ActiveCfg = Debug|Any CPU
		{D114F631-F03B-4120-A9E8-CEE6736DA3B4}.Debug|Any CPU.Build.0 = Debug|Any CPU
		{D114F631-F03B-4120-A9E8-CEE6736DA3B4}.Release|Any CPU.ActiveCfg = Release|Any CPU
		{D114F631-F03B-4120-A9E8-CEE6736DA3B4}.Release|Any CPU.Build.0 = Release|Any CPU
		{FA043947-7190-45CC-B280-B7E82A24ED6C}.Debug|Any CPU.ActiveCfg = Debug|Any CPU
		{FA043947-7190-45CC-B280-B7E82A24ED6C}.Debug|Any CPU.Build.0 = Debug|Any CPU
		{FA043947-7190-45CC-B280-B7E82A24ED6C}.Debug|Any CPU.Deploy.0 = Debug|Any CPU
		{FA043947-7190-45CC-B280-B7E82A24ED6C}.Release|Any CPU.ActiveCfg = Release|Any CPU
		{FA043947-7190-45CC-B280-B7E82A24ED6C}.Release|Any CPU.Build.0 = Release|Any CPU
		{FA043947-7190-45CC-B280-B7E82A24ED6C}.Release|Any CPU.Deploy.0 = Release|Any CPU
		{D684BADA-3EC6-4AB1-87F1-60A7BA3AB968}.Debug|Any CPU.ActiveCfg = Debug|Any CPU
		{D684BADA-3EC6-4AB1-87F1-60A7BA3AB968}.Debug|Any CPU.Build.0 = Debug|Any CPU
		{D684BADA-3EC6-4AB1-87F1-60A7BA3AB968}.Release|Any CPU.ActiveCfg = Release|Any CPU
		{D684BADA-3EC6-4AB1-87F1-60A7BA3AB968}.Release|Any CPU.Build.0 = Release|Any CPU
	EndGlobalSection
	GlobalSection(SolutionProperties) = preSolution
		HideSolutionNode = FALSE
	EndGlobalSection
	GlobalSection(ExtensibilityGlobals) = postSolution
		SolutionGuid = {14D1AD1B-D270-4FEF-A058-5D75614D6059}
	EndGlobalSection
EndGlobal
